// !$*UTF8*$!
{
	archiveVersion = 1;
	classes = {
	};
	objectVersion = 55;
	objects = {

/* Begin PBXBuildFile section */
		E217175628F03C740000ED51 /* MusicResponse.swift in Sources */ = {isa = PBXBuildFile; fileRef = E217175528F03C740000ED51 /* MusicResponse.swift */; };
		E217175828F03CA30000ED51 /* Music.swift in Sources */ = {isa = PBXBuildFile; fileRef = E217175728F03CA30000ED51 /* Music.swift */; };
		E217175C28F03E320000ED51 /* MusicViewController.swift in Sources */ = {isa = PBXBuildFile; fileRef = E217175B28F03E320000ED51 /* MusicViewController.swift */; };
		E217175E28F040B90000ED51 /* MusicRequest.swift in Sources */ = {isa = PBXBuildFile; fileRef = E217175D28F040B90000ED51 /* MusicRequest.swift */; };
		E217176428F058170000ED51 /* MovieResponse.swift in Sources */ = {isa = PBXBuildFile; fileRef = E217176328F058170000ED51 /* MovieResponse.swift */; };
		E217176628F058210000ED51 /* Movie.swift in Sources */ = {isa = PBXBuildFile; fileRef = E217176528F058210000ED51 /* Movie.swift */; };
		E217176828F058A00000ED51 /* MovieViewController.swift in Sources */ = {isa = PBXBuildFile; fileRef = E217176728F058A00000ED51 /* MovieViewController.swift */; };
		E217176A28F05B8E0000ED51 /* MovieRequest.swift in Sources */ = {isa = PBXBuildFile; fileRef = E217176928F05B8E0000ED51 /* MovieRequest.swift */; };
		E236AD5B28F175B0009CBBD9 /* SoftwareResponse.swift in Sources */ = {isa = PBXBuildFile; fileRef = E236AD5A28F175B0009CBBD9 /* SoftwareResponse.swift */; };
		E236AD5D28F175BD009CBBD9 /* Software.swift in Sources */ = {isa = PBXBuildFile; fileRef = E236AD5C28F175BD009CBBD9 /* Software.swift */; };
		E236AD5F28F17604009CBBD9 /* SoftwareViewController.swift in Sources */ = {isa = PBXBuildFile; fileRef = E236AD5E28F17604009CBBD9 /* SoftwareViewController.swift */; };
		E236AD6128F1763B009CBBD9 /* SoftwareRequest.swift in Sources */ = {isa = PBXBuildFile; fileRef = E236AD6028F1763B009CBBD9 /* SoftwareRequest.swift */; };
		E240323E28EF2D4700931258 /* PodcastCollectionViewCell.swift in Sources */ = {isa = PBXBuildFile; fileRef = E240323D28EF2D4700931258 /* PodcastCollectionViewCell.swift */; };
		E240324128EF2E1500931258 /* DataRequest.swift in Sources */ = {isa = PBXBuildFile; fileRef = E240324028EF2E1500931258 /* DataRequest.swift */; };
		E240324328EF2E3B00931258 /* ErrorResponse.swift in Sources */ = {isa = PBXBuildFile; fileRef = E240324228EF2E3B00931258 /* ErrorResponse.swift */; };
		E240324528EF2E5800931258 /* HTTPMethod.swift in Sources */ = {isa = PBXBuildFile; fileRef = E240324428EF2E5800931258 /* HTTPMethod.swift */; };
		E240324828EF2E9400931258 /* PodcastRequest.swift in Sources */ = {isa = PBXBuildFile; fileRef = E240324728EF2E9400931258 /* PodcastRequest.swift */; };
		E240324B28EF2EC200931258 /* NetworkService.swift in Sources */ = {isa = PBXBuildFile; fileRef = E240324A28EF2EC200931258 /* NetworkService.swift */; };
		E240325028EF2FFF00931258 /* DetailView.swift in Sources */ = {isa = PBXBuildFile; fileRef = E240324F28EF2FFF00931258 /* DetailView.swift */; };
		E240325228EF304000931258 /* DetailViewController.swift in Sources */ = {isa = PBXBuildFile; fileRef = E240325128EF304000931258 /* DetailViewController.swift */; };
		E240325428EF338700931258 /* CGFloat+Extensions.swift in Sources */ = {isa = PBXBuildFile; fileRef = E240325328EF338700931258 /* CGFloat+Extensions.swift */; };
		E240325628EF33BB00931258 /* UIImage+Extensions.swift in Sources */ = {isa = PBXBuildFile; fileRef = E240325528EF33BB00931258 /* UIImage+Extensions.swift */; };
		E27F2B8E28EDFAC7002148F8 /* PodcastResponse.swift in Sources */ = {isa = PBXBuildFile; fileRef = E27F2B8D28EDFAC7002148F8 /* PodcastResponse.swift */; };
		E27F2B9028EDFE15002148F8 /* Podcast.swift in Sources */ = {isa = PBXBuildFile; fileRef = E27F2B8F28EDFE15002148F8 /* Podcast.swift */; };
		E2B232A528EDE5CA009B9DB8 /* MainViewController.swift in Sources */ = {isa = PBXBuildFile; fileRef = E2B2329728EDE5CA009B9DB8 /* MainViewController.swift */; };
		E2B232A628EDE5CA009B9DB8 /* MainView.swift in Sources */ = {isa = PBXBuildFile; fileRef = E2B2329928EDE5CA009B9DB8 /* MainView.swift */; };
		E2B232A828EDE5CA009B9DB8 /* AppDelegate.swift in Sources */ = {isa = PBXBuildFile; fileRef = E2B2329E28EDE5CA009B9DB8 /* AppDelegate.swift */; };
		E2B232A928EDE5CA009B9DB8 /* SceneDelegate.swift in Sources */ = {isa = PBXBuildFile; fileRef = E2B2329F28EDE5CA009B9DB8 /* SceneDelegate.swift */; };
		E2B232AA28EDE5CA009B9DB8 /* LaunchScreen.storyboard in Resources */ = {isa = PBXBuildFile; fileRef = E2B232A128EDE5CA009B9DB8 /* LaunchScreen.storyboard */; };
		E2B232AB28EDE5CA009B9DB8 /* Assets.xcassets in Resources */ = {isa = PBXBuildFile; fileRef = E2B232A428EDE5CA009B9DB8 /* Assets.xcassets */; };
/* End PBXBuildFile section */

/* Begin PBXFileReference section */
		E217175528F03C740000ED51 /* MusicResponse.swift */ = {isa = PBXFileReference; lastKnownFileType = sourcecode.swift; path = MusicResponse.swift; sourceTree = "<group>"; };
		E217175728F03CA30000ED51 /* Music.swift */ = {isa = PBXFileReference; lastKnownFileType = sourcecode.swift; path = Music.swift; sourceTree = "<group>"; };
		E217175B28F03E320000ED51 /* MusicViewController.swift */ = {isa = PBXFileReference; lastKnownFileType = sourcecode.swift; path = MusicViewController.swift; sourceTree = "<group>"; };
		E217175D28F040B90000ED51 /* MusicRequest.swift */ = {isa = PBXFileReference; lastKnownFileType = sourcecode.swift; path = MusicRequest.swift; sourceTree = "<group>"; };
		E217176328F058170000ED51 /* MovieResponse.swift */ = {isa = PBXFileReference; lastKnownFileType = sourcecode.swift; path = MovieResponse.swift; sourceTree = "<group>"; };
		E217176528F058210000ED51 /* Movie.swift */ = {isa = PBXFileReference; lastKnownFileType = sourcecode.swift; path = Movie.swift; sourceTree = "<group>"; };
		E217176728F058A00000ED51 /* MovieViewController.swift */ = {isa = PBXFileReference; lastKnownFileType = sourcecode.swift; path = MovieViewController.swift; sourceTree = "<group>"; };
		E217176928F05B8E0000ED51 /* MovieRequest.swift */ = {isa = PBXFileReference; lastKnownFileType = sourcecode.swift; path = MovieRequest.swift; sourceTree = "<group>"; };
		E236AD5A28F175B0009CBBD9 /* SoftwareResponse.swift */ = {isa = PBXFileReference; lastKnownFileType = sourcecode.swift; path = SoftwareResponse.swift; sourceTree = "<group>"; };
		E236AD5C28F175BD009CBBD9 /* Software.swift */ = {isa = PBXFileReference; lastKnownFileType = sourcecode.swift; path = Software.swift; sourceTree = "<group>"; };
		E236AD5E28F17604009CBBD9 /* SoftwareViewController.swift */ = {isa = PBXFileReference; lastKnownFileType = sourcecode.swift; path = SoftwareViewController.swift; sourceTree = "<group>"; };
		E236AD6028F1763B009CBBD9 /* SoftwareRequest.swift */ = {isa = PBXFileReference; lastKnownFileType = sourcecode.swift; path = SoftwareRequest.swift; sourceTree = "<group>"; };
		E240323D28EF2D4700931258 /* PodcastCollectionViewCell.swift */ = {isa = PBXFileReference; lastKnownFileType = sourcecode.swift; path = PodcastCollectionViewCell.swift; sourceTree = "<group>"; };
		E240324028EF2E1500931258 /* DataRequest.swift */ = {isa = PBXFileReference; lastKnownFileType = sourcecode.swift; path = DataRequest.swift; sourceTree = "<group>"; };
		E240324228EF2E3B00931258 /* ErrorResponse.swift */ = {isa = PBXFileReference; lastKnownFileType = sourcecode.swift; path = ErrorResponse.swift; sourceTree = "<group>"; };
		E240324428EF2E5800931258 /* HTTPMethod.swift */ = {isa = PBXFileReference; lastKnownFileType = sourcecode.swift; path = HTTPMethod.swift; sourceTree = "<group>"; };
		E240324728EF2E9400931258 /* PodcastRequest.swift */ = {isa = PBXFileReference; lastKnownFileType = sourcecode.swift; path = PodcastRequest.swift; sourceTree = "<group>"; };
		E240324A28EF2EC200931258 /* NetworkService.swift */ = {isa = PBXFileReference; lastKnownFileType = sourcecode.swift; path = NetworkService.swift; sourceTree = "<group>"; };
		E240324F28EF2FFF00931258 /* DetailView.swift */ = {isa = PBXFileReference; lastKnownFileType = sourcecode.swift; path = DetailView.swift; sourceTree = "<group>"; };
		E240325128EF304000931258 /* DetailViewController.swift */ = {isa = PBXFileReference; lastKnownFileType = sourcecode.swift; path = DetailViewController.swift; sourceTree = "<group>"; };
		E240325328EF338700931258 /* CGFloat+Extensions.swift */ = {isa = PBXFileReference; lastKnownFileType = sourcecode.swift; path = "CGFloat+Extensions.swift"; sourceTree = "<group>"; };
		E240325528EF33BB00931258 /* UIImage+Extensions.swift */ = {isa = PBXFileReference; lastKnownFileType = sourcecode.swift; path = "UIImage+Extensions.swift"; sourceTree = "<group>"; };
		E27F2B8D28EDFAC7002148F8 /* PodcastResponse.swift */ = {isa = PBXFileReference; lastKnownFileType = sourcecode.swift; path = PodcastResponse.swift; sourceTree = "<group>"; };
		E27F2B8F28EDFE15002148F8 /* Podcast.swift */ = {isa = PBXFileReference; lastKnownFileType = sourcecode.swift; path = Podcast.swift; sourceTree = "<group>"; };
		E2A4371528EDA69A00A338CA /* iTunesClientApp.app */ = {isa = PBXFileReference; explicitFileType = wrapper.application; includeInIndex = 0; path = iTunesClientApp.app; sourceTree = BUILT_PRODUCTS_DIR; };
		E2B2329728EDE5CA009B9DB8 /* MainViewController.swift */ = {isa = PBXFileReference; fileEncoding = 4; lastKnownFileType = sourcecode.swift; path = MainViewController.swift; sourceTree = "<group>"; };
		E2B2329928EDE5CA009B9DB8 /* MainView.swift */ = {isa = PBXFileReference; fileEncoding = 4; lastKnownFileType = sourcecode.swift; path = MainView.swift; sourceTree = "<group>"; };
		E2B2329C28EDE5CA009B9DB8 /* Info.plist */ = {isa = PBXFileReference; fileEncoding = 4; lastKnownFileType = text.plist.xml; path = Info.plist; sourceTree = "<group>"; };
		E2B2329E28EDE5CA009B9DB8 /* AppDelegate.swift */ = {isa = PBXFileReference; fileEncoding = 4; lastKnownFileType = sourcecode.swift; path = AppDelegate.swift; sourceTree = "<group>"; };
		E2B2329F28EDE5CA009B9DB8 /* SceneDelegate.swift */ = {isa = PBXFileReference; fileEncoding = 4; lastKnownFileType = sourcecode.swift; path = SceneDelegate.swift; sourceTree = "<group>"; };
		E2B232A228EDE5CA009B9DB8 /* Base */ = {isa = PBXFileReference; lastKnownFileType = file.storyboard; name = Base; path = Base.lproj/LaunchScreen.storyboard; sourceTree = "<group>"; };
		E2B232A428EDE5CA009B9DB8 /* Assets.xcassets */ = {isa = PBXFileReference; lastKnownFileType = folder.assetcatalog; path = Assets.xcassets; sourceTree = "<group>"; };
/* End PBXFileReference section */

/* Begin PBXFrameworksBuildPhase section */
		E2A4371228EDA69A00A338CA /* Frameworks */ = {
			isa = PBXFrameworksBuildPhase;
			buildActionMask = 2147483647;
			files = (
			);
			runOnlyForDeploymentPostprocessing = 0;
		};
/* End PBXFrameworksBuildPhase section */

/* Begin PBXGroup section */
		E217175328F03C4B0000ED51 /* Music */ = {
			isa = PBXGroup;
			children = (
				E217175A28F03D990000ED51 /* View */,
				E217175928F03D910000ED51 /* Controller */,
				E217175428F03C560000ED51 /* Model */,
			);
			path = Music;
			sourceTree = "<group>";
		};
		E217175428F03C560000ED51 /* Model */ = {
			isa = PBXGroup;
			children = (
				E217175528F03C740000ED51 /* MusicResponse.swift */,
				E217175728F03CA30000ED51 /* Music.swift */,
			);
			path = Model;
			sourceTree = "<group>";
		};
		E217175928F03D910000ED51 /* Controller */ = {
			isa = PBXGroup;
			children = (
				E217175B28F03E320000ED51 /* MusicViewController.swift */,
			);
			path = Controller;
			sourceTree = "<group>";
		};
		E217175A28F03D990000ED51 /* View */ = {
			isa = PBXGroup;
			children = (
			);
			path = View;
			sourceTree = "<group>";
		};
		E217175F28F056DD0000ED51 /* Movie */ = {
			isa = PBXGroup;
			children = (
				E217176228F057F80000ED51 /* View */,
				E217176128F057F10000ED51 /* Controller */,
				E217176028F057EB0000ED51 /* Model */,
			);
			path = Movie;
			sourceTree = "<group>";
		};
		E217176028F057EB0000ED51 /* Model */ = {
			isa = PBXGroup;
			children = (
				E217176328F058170000ED51 /* MovieResponse.swift */,
				E217176528F058210000ED51 /* Movie.swift */,
			);
			path = Model;
			sourceTree = "<group>";
		};
		E217176128F057F10000ED51 /* Controller */ = {
			isa = PBXGroup;
			children = (
				E217176728F058A00000ED51 /* MovieViewController.swift */,
			);
			path = Controller;
			sourceTree = "<group>";
		};
		E217176228F057F80000ED51 /* View */ = {
			isa = PBXGroup;
			children = (
			);
			path = View;
			sourceTree = "<group>";
		};
		E236AD5628F17589009CBBD9 /* Software */ = {
			isa = PBXGroup;
			children = (
				E236AD5928F175A3009CBBD9 /* Model */,
				E236AD5828F1759E009CBBD9 /* Controller */,
				E236AD5728F17599009CBBD9 /* View */,
			);
			path = Software;
			sourceTree = "<group>";
		};
		E236AD5728F17599009CBBD9 /* View */ = {
			isa = PBXGroup;
			children = (
			);
			path = View;
			sourceTree = "<group>";
		};
		E236AD5828F1759E009CBBD9 /* Controller */ = {
			isa = PBXGroup;
			children = (
				E236AD5E28F17604009CBBD9 /* SoftwareViewController.swift */,
			);
			path = Controller;
			sourceTree = "<group>";
		};
		E236AD5928F175A3009CBBD9 /* Model */ = {
			isa = PBXGroup;
			children = (
				E236AD5A28F175B0009CBBD9 /* SoftwareResponse.swift */,
				E236AD5C28F175BD009CBBD9 /* Software.swift */,
			);
			path = Model;
			sourceTree = "<group>";
		};
		E240323C28EF2D1E00931258 /* PodcastCollectionViewCell */ = {
			isa = PBXGroup;
			children = (
				E240323D28EF2D4700931258 /* PodcastCollectionViewCell.swift */,
			);
			path = PodcastCollectionViewCell;
			sourceTree = "<group>";
		};
		E240323F28EF2DE000931258 /* Extensions */ = {
			isa = PBXGroup;
			children = (
				E240325328EF338700931258 /* CGFloat+Extensions.swift */,
				E240325528EF33BB00931258 /* UIImage+Extensions.swift */,
			);
			path = Extensions;
			sourceTree = "<group>";
		};
		E240324628EF2E7A00931258 /* Requests */ = {
			isa = PBXGroup;
			children = (
				E240324728EF2E9400931258 /* PodcastRequest.swift */,
				E217175D28F040B90000ED51 /* MusicRequest.swift */,
				E217176928F05B8E0000ED51 /* MovieRequest.swift */,
				E236AD6028F1763B009CBBD9 /* SoftwareRequest.swift */,
			);
			path = Requests;
			sourceTree = "<group>";
		};
		E240324928EF2EB200931258 /* Services */ = {
			isa = PBXGroup;
			children = (
				E240324A28EF2EC200931258 /* NetworkService.swift */,
			);
			path = Services;
			sourceTree = "<group>";
		};
		E240324C28EF2FCF00931258 /* Detail */ = {
			isa = PBXGroup;
			children = (
				E240324E28EF2FDF00931258 /* Controller */,
				E240324D28EF2FDA00931258 /* View */,
			);
			path = Detail;
			sourceTree = "<group>";
		};
		E240324D28EF2FDA00931258 /* View */ = {
			isa = PBXGroup;
			children = (
				E240324F28EF2FFF00931258 /* DetailView.swift */,
			);
			path = View;
			sourceTree = "<group>";
		};
		E240324E28EF2FDF00931258 /* Controller */ = {
			isa = PBXGroup;
			children = (
				E240325128EF304000931258 /* DetailViewController.swift */,
			);
			path = Controller;
			sourceTree = "<group>";
		};
		E27F2B8828EDF4CD002148F8 /* Core */ = {
			isa = PBXGroup;
			children = (
				E240323F28EF2DE000931258 /* Extensions */,
				E27F2B8928EDF4D8002148F8 /* Network */,
			);
			path = Core;
			sourceTree = "<group>";
		};
		E27F2B8928EDF4D8002148F8 /* Network */ = {
			isa = PBXGroup;
			children = (
				E240324928EF2EB200931258 /* Services */,
				E240324628EF2E7A00931258 /* Requests */,
				E240324028EF2E1500931258 /* DataRequest.swift */,
				E240324228EF2E3B00931258 /* ErrorResponse.swift */,
				E240324428EF2E5800931258 /* HTTPMethod.swift */,
			);
			path = Network;
			sourceTree = "<group>";
		};
		E27F2B8C28EDFABB002148F8 /* Model */ = {
			isa = PBXGroup;
			children = (
				E27F2B8D28EDFAC7002148F8 /* PodcastResponse.swift */,
				E27F2B8F28EDFE15002148F8 /* Podcast.swift */,
			);
			path = Model;
			sourceTree = "<group>";
		};
		E2A4370C28EDA69A00A338CA = {
			isa = PBXGroup;
			children = (
				E2A4371728EDA69A00A338CA /* iTunesClientApp */,
				E2A4371628EDA69A00A338CA /* Products */,
			);
			sourceTree = "<group>";
		};
		E2A4371628EDA69A00A338CA /* Products */ = {
			isa = PBXGroup;
			children = (
				E2A4371528EDA69A00A338CA /* iTunesClientApp.app */,
			);
			name = Products;
			sourceTree = "<group>";
		};
		E2A4371728EDA69A00A338CA /* iTunesClientApp */ = {
			isa = PBXGroup;
			children = (
				E2B2329A28EDE5CA009B9DB8 /* App */,
				E2B2329428EDE5CA009B9DB8 /* Screens */,
			);
			path = iTunesClientApp;
			sourceTree = "<group>";
		};
		E2B2329428EDE5CA009B9DB8 /* Screens */ = {
			isa = PBXGroup;
			children = (
				E236AD5628F17589009CBBD9 /* Software */,
				E217175F28F056DD0000ED51 /* Movie */,
				E217175328F03C4B0000ED51 /* Music */,
				E240324C28EF2FCF00931258 /* Detail */,
				E2B2329528EDE5CA009B9DB8 /* Main */,
			);
			path = Screens;
			sourceTree = "<group>";
		};
		E2B2329528EDE5CA009B9DB8 /* Main */ = {
			isa = PBXGroup;
			children = (
				E27F2B8C28EDFABB002148F8 /* Model */,
				E2B2329628EDE5CA009B9DB8 /* Controller */,
				E2B2329828EDE5CA009B9DB8 /* View */,
			);
			path = Main;
			sourceTree = "<group>";
		};
		E2B2329628EDE5CA009B9DB8 /* Controller */ = {
			isa = PBXGroup;
			children = (
				E2B2329728EDE5CA009B9DB8 /* MainViewController.swift */,
			);
			path = Controller;
			sourceTree = "<group>";
		};
		E2B2329828EDE5CA009B9DB8 /* View */ = {
			isa = PBXGroup;
			children = (
				E240323C28EF2D1E00931258 /* PodcastCollectionViewCell */,
				E2B2329928EDE5CA009B9DB8 /* MainView.swift */,
			);
			path = View;
			sourceTree = "<group>";
		};
		E2B2329A28EDE5CA009B9DB8 /* App */ = {
			isa = PBXGroup;
			children = (
				E27F2B8828EDF4CD002148F8 /* Core */,
				E2B2329B28EDE5CA009B9DB8 /* Plists */,
				E2B2329D28EDE5CA009B9DB8 /* Delegates */,
				E2B232A028EDE5CA009B9DB8 /* Views */,
				E2B232A328EDE5CA009B9DB8 /* Assets */,
			);
			path = App;
			sourceTree = "<group>";
		};
		E2B2329B28EDE5CA009B9DB8 /* Plists */ = {
			isa = PBXGroup;
			children = (
				E2B2329C28EDE5CA009B9DB8 /* Info.plist */,
			);
			path = Plists;
			sourceTree = "<group>";
		};
		E2B2329D28EDE5CA009B9DB8 /* Delegates */ = {
			isa = PBXGroup;
			children = (
				E2B2329E28EDE5CA009B9DB8 /* AppDelegate.swift */,
				E2B2329F28EDE5CA009B9DB8 /* SceneDelegate.swift */,
			);
			path = Delegates;
			sourceTree = "<group>";
		};
		E2B232A028EDE5CA009B9DB8 /* Views */ = {
			isa = PBXGroup;
			children = (
				E2B232A128EDE5CA009B9DB8 /* LaunchScreen.storyboard */,
			);
			path = Views;
			sourceTree = "<group>";
		};
		E2B232A328EDE5CA009B9DB8 /* Assets */ = {
			isa = PBXGroup;
			children = (
				E2B232A428EDE5CA009B9DB8 /* Assets.xcassets */,
			);
			path = Assets;
			sourceTree = "<group>";
		};
/* End PBXGroup section */

/* Begin PBXNativeTarget section */
		E2A4371428EDA69A00A338CA /* iTunesClientApp */ = {
			isa = PBXNativeTarget;
			buildConfigurationList = E2A4372928EDA69C00A338CA /* Build configuration list for PBXNativeTarget "iTunesClientApp" */;
			buildPhases = (
				E2A4371128EDA69A00A338CA /* Sources */,
				E2A4371228EDA69A00A338CA /* Frameworks */,
				E2A4371328EDA69A00A338CA /* Resources */,
			);
			buildRules = (
			);
			dependencies = (
			);
			name = iTunesClientApp;
			productName = iTunesClientApp;
			productReference = E2A4371528EDA69A00A338CA /* iTunesClientApp.app */;
			productType = "com.apple.product-type.application";
		};
/* End PBXNativeTarget section */

/* Begin PBXProject section */
		E2A4370D28EDA69A00A338CA /* Project object */ = {
			isa = PBXProject;
			attributes = {
				BuildIndependentTargetsInParallel = 1;
				LastSwiftUpdateCheck = 1340;
				LastUpgradeCheck = 1340;
				TargetAttributes = {
					E2A4371428EDA69A00A338CA = {
						CreatedOnToolsVersion = 13.4.1;
					};
				};
			};
			buildConfigurationList = E2A4371028EDA69A00A338CA /* Build configuration list for PBXProject "iTunesClientApp" */;
			compatibilityVersion = "Xcode 13.0";
			developmentRegion = en;
			hasScannedForEncodings = 0;
			knownRegions = (
				en,
				Base,
			);
			mainGroup = E2A4370C28EDA69A00A338CA;
			productRefGroup = E2A4371628EDA69A00A338CA /* Products */;
			projectDirPath = "";
			projectRoot = "";
			targets = (
				E2A4371428EDA69A00A338CA /* iTunesClientApp */,
			);
		};
/* End PBXProject section */

/* Begin PBXResourcesBuildPhase section */
		E2A4371328EDA69A00A338CA /* Resources */ = {
			isa = PBXResourcesBuildPhase;
			buildActionMask = 2147483647;
			files = (
				E2B232AB28EDE5CA009B9DB8 /* Assets.xcassets in Resources */,
				E2B232AA28EDE5CA009B9DB8 /* LaunchScreen.storyboard in Resources */,
			);
			runOnlyForDeploymentPostprocessing = 0;
		};
/* End PBXResourcesBuildPhase section */

/* Begin PBXSourcesBuildPhase section */
		E2A4371128EDA69A00A338CA /* Sources */ = {
			isa = PBXSourcesBuildPhase;
			buildActionMask = 2147483647;
			files = (
				E217176428F058170000ED51 /* MovieResponse.swift in Sources */,
				E240324128EF2E1500931258 /* DataRequest.swift in Sources */,
				E240325428EF338700931258 /* CGFloat+Extensions.swift in Sources */,
				E2B232A828EDE5CA009B9DB8 /* AppDelegate.swift in Sources */,
				E217175C28F03E320000ED51 /* MusicViewController.swift in Sources */,
				E27F2B9028EDFE15002148F8 /* Podcast.swift in Sources */,
				E240324528EF2E5800931258 /* HTTPMethod.swift in Sources */,
				E217175828F03CA30000ED51 /* Music.swift in Sources */,
				E217175E28F040B90000ED51 /* MusicRequest.swift in Sources */,
				E27F2B8E28EDFAC7002148F8 /* PodcastResponse.swift in Sources */,
				E240324328EF2E3B00931258 /* ErrorResponse.swift in Sources */,
				E2B232A528EDE5CA009B9DB8 /* MainViewController.swift in Sources */,
				E240325028EF2FFF00931258 /* DetailView.swift in Sources */,
				E2B232A628EDE5CA009B9DB8 /* MainView.swift in Sources */,
				E217176A28F05B8E0000ED51 /* MovieRequest.swift in Sources */,
				E2B232A928EDE5CA009B9DB8 /* SceneDelegate.swift in Sources */,
				E240324828EF2E9400931258 /* PodcastRequest.swift in Sources */,
				E240324B28EF2EC200931258 /* NetworkService.swift in Sources */,
				E236AD5D28F175BD009CBBD9 /* Software.swift in Sources */,
				E217175628F03C740000ED51 /* MusicResponse.swift in Sources */,
				E240323E28EF2D4700931258 /* PodcastCollectionViewCell.swift in Sources */,
				E240325228EF304000931258 /* DetailViewController.swift in Sources */,
				E236AD5B28F175B0009CBBD9 /* SoftwareResponse.swift in Sources */,
				E217176628F058210000ED51 /* Movie.swift in Sources */,
				E236AD6128F1763B009CBBD9 /* SoftwareRequest.swift in Sources */,
				E240325628EF33BB00931258 /* UIImage+Extensions.swift in Sources */,
				E217176828F058A00000ED51 /* MovieViewController.swift in Sources */,
				E236AD5F28F17604009CBBD9 /* SoftwareViewController.swift in Sources */,
			);
			runOnlyForDeploymentPostprocessing = 0;
		};
/* End PBXSourcesBuildPhase section */

/* Begin PBXVariantGroup section */
		E2B232A128EDE5CA009B9DB8 /* LaunchScreen.storyboard */ = {
			isa = PBXVariantGroup;
			children = (
				E2B232A228EDE5CA009B9DB8 /* Base */,
			);
			name = LaunchScreen.storyboard;
			sourceTree = "<group>";
		};
/* End PBXVariantGroup section */

/* Begin XCBuildConfiguration section */
		E2A4372728EDA69C00A338CA /* Debug */ = {
			isa = XCBuildConfiguration;
			buildSettings = {
				ALWAYS_SEARCH_USER_PATHS = NO;
				CLANG_ANALYZER_NONNULL = YES;
				CLANG_ANALYZER_NUMBER_OBJECT_CONVERSION = YES_AGGRESSIVE;
				CLANG_CXX_LANGUAGE_STANDARD = "gnu++17";
				CLANG_ENABLE_MODULES = YES;
				CLANG_ENABLE_OBJC_ARC = YES;
				CLANG_ENABLE_OBJC_WEAK = YES;
				CLANG_WARN_BLOCK_CAPTURE_AUTORELEASING = YES;
				CLANG_WARN_BOOL_CONVERSION = YES;
				CLANG_WARN_COMMA = YES;
				CLANG_WARN_CONSTANT_CONVERSION = YES;
				CLANG_WARN_DEPRECATED_OBJC_IMPLEMENTATIONS = YES;
				CLANG_WARN_DIRECT_OBJC_ISA_USAGE = YES_ERROR;
				CLANG_WARN_DOCUMENTATION_COMMENTS = YES;
				CLANG_WARN_EMPTY_BODY = YES;
				CLANG_WARN_ENUM_CONVERSION = YES;
				CLANG_WARN_INFINITE_RECURSION = YES;
				CLANG_WARN_INT_CONVERSION = YES;
				CLANG_WARN_NON_LITERAL_NULL_CONVERSION = YES;
				CLANG_WARN_OBJC_IMPLICIT_RETAIN_SELF = YES;
				CLANG_WARN_OBJC_LITERAL_CONVERSION = YES;
				CLANG_WARN_OBJC_ROOT_CLASS = YES_ERROR;
				CLANG_WARN_QUOTED_INCLUDE_IN_FRAMEWORK_HEADER = YES;
				CLANG_WARN_RANGE_LOOP_ANALYSIS = YES;
				CLANG_WARN_STRICT_PROTOTYPES = YES;
				CLANG_WARN_SUSPICIOUS_MOVE = YES;
				CLANG_WARN_UNGUARDED_AVAILABILITY = YES_AGGRESSIVE;
				CLANG_WARN_UNREACHABLE_CODE = YES;
				CLANG_WARN__DUPLICATE_METHOD_MATCH = YES;
				COPY_PHASE_STRIP = NO;
				DEBUG_INFORMATION_FORMAT = dwarf;
				ENABLE_STRICT_OBJC_MSGSEND = YES;
				ENABLE_TESTABILITY = YES;
				GCC_C_LANGUAGE_STANDARD = gnu11;
				GCC_DYNAMIC_NO_PIC = NO;
				GCC_NO_COMMON_BLOCKS = YES;
				GCC_OPTIMIZATION_LEVEL = 0;
				GCC_PREPROCESSOR_DEFINITIONS = (
					"DEBUG=1",
					"$(inherited)",
				);
				GCC_WARN_64_TO_32_BIT_CONVERSION = YES;
				GCC_WARN_ABOUT_RETURN_TYPE = YES_ERROR;
				GCC_WARN_UNDECLARED_SELECTOR = YES;
				GCC_WARN_UNINITIALIZED_AUTOS = YES_AGGRESSIVE;
				GCC_WARN_UNUSED_FUNCTION = YES;
				GCC_WARN_UNUSED_VARIABLE = YES;
				IPHONEOS_DEPLOYMENT_TARGET = 15.5;
				MTL_ENABLE_DEBUG_INFO = INCLUDE_SOURCE;
				MTL_FAST_MATH = YES;
				ONLY_ACTIVE_ARCH = YES;
				SDKROOT = iphoneos;
				SWIFT_ACTIVE_COMPILATION_CONDITIONS = DEBUG;
				SWIFT_OPTIMIZATION_LEVEL = "-Onone";
			};
			name = Debug;
		};
		E2A4372828EDA69C00A338CA /* Release */ = {
			isa = XCBuildConfiguration;
			buildSettings = {
				ALWAYS_SEARCH_USER_PATHS = NO;
				CLANG_ANALYZER_NONNULL = YES;
				CLANG_ANALYZER_NUMBER_OBJECT_CONVERSION = YES_AGGRESSIVE;
				CLANG_CXX_LANGUAGE_STANDARD = "gnu++17";
				CLANG_ENABLE_MODULES = YES;
				CLANG_ENABLE_OBJC_ARC = YES;
				CLANG_ENABLE_OBJC_WEAK = YES;
				CLANG_WARN_BLOCK_CAPTURE_AUTORELEASING = YES;
				CLANG_WARN_BOOL_CONVERSION = YES;
				CLANG_WARN_COMMA = YES;
				CLANG_WARN_CONSTANT_CONVERSION = YES;
				CLANG_WARN_DEPRECATED_OBJC_IMPLEMENTATIONS = YES;
				CLANG_WARN_DIRECT_OBJC_ISA_USAGE = YES_ERROR;
				CLANG_WARN_DOCUMENTATION_COMMENTS = YES;
				CLANG_WARN_EMPTY_BODY = YES;
				CLANG_WARN_ENUM_CONVERSION = YES;
				CLANG_WARN_INFINITE_RECURSION = YES;
				CLANG_WARN_INT_CONVERSION = YES;
				CLANG_WARN_NON_LITERAL_NULL_CONVERSION = YES;
				CLANG_WARN_OBJC_IMPLICIT_RETAIN_SELF = YES;
				CLANG_WARN_OBJC_LITERAL_CONVERSION = YES;
				CLANG_WARN_OBJC_ROOT_CLASS = YES_ERROR;
				CLANG_WARN_QUOTED_INCLUDE_IN_FRAMEWORK_HEADER = YES;
				CLANG_WARN_RANGE_LOOP_ANALYSIS = YES;
				CLANG_WARN_STRICT_PROTOTYPES = YES;
				CLANG_WARN_SUSPICIOUS_MOVE = YES;
				CLANG_WARN_UNGUARDED_AVAILABILITY = YES_AGGRESSIVE;
				CLANG_WARN_UNREACHABLE_CODE = YES;
				CLANG_WARN__DUPLICATE_METHOD_MATCH = YES;
				COPY_PHASE_STRIP = NO;
				DEBUG_INFORMATION_FORMAT = "dwarf-with-dsym";
				ENABLE_NS_ASSERTIONS = NO;
				ENABLE_STRICT_OBJC_MSGSEND = YES;
				GCC_C_LANGUAGE_STANDARD = gnu11;
				GCC_NO_COMMON_BLOCKS = YES;
				GCC_WARN_64_TO_32_BIT_CONVERSION = YES;
				GCC_WARN_ABOUT_RETURN_TYPE = YES_ERROR;
				GCC_WARN_UNDECLARED_SELECTOR = YES;
				GCC_WARN_UNINITIALIZED_AUTOS = YES_AGGRESSIVE;
				GCC_WARN_UNUSED_FUNCTION = YES;
				GCC_WARN_UNUSED_VARIABLE = YES;
				IPHONEOS_DEPLOYMENT_TARGET = 15.5;
				MTL_ENABLE_DEBUG_INFO = NO;
				MTL_FAST_MATH = YES;
				SDKROOT = iphoneos;
				SWIFT_COMPILATION_MODE = wholemodule;
				SWIFT_OPTIMIZATION_LEVEL = "-O";
				VALIDATE_PRODUCT = YES;
			};
			name = Release;
		};
		E2A4372A28EDA69C00A338CA /* Debug */ = {
			isa = XCBuildConfiguration;
			buildSettings = {
				ASSETCATALOG_COMPILER_APPICON_NAME = AppIcon;
				ASSETCATALOG_COMPILER_GLOBAL_ACCENT_COLOR_NAME = AccentColor;
				CODE_SIGN_STYLE = Automatic;
				CURRENT_PROJECT_VERSION = 1;
				GENERATE_INFOPLIST_FILE = YES;
				INFOPLIST_FILE = iTunesClientApp/App/Plists/Info.plist;
				INFOPLIST_KEY_UIApplicationSupportsIndirectInputEvents = YES;
				INFOPLIST_KEY_UILaunchStoryboardName = LaunchScreen;
				INFOPLIST_KEY_UISupportedInterfaceOrientations_iPad = "UIInterfaceOrientationPortrait UIInterfaceOrientationPortraitUpsideDown UIInterfaceOrientationLandscapeLeft UIInterfaceOrientationLandscapeRight";
				INFOPLIST_KEY_UISupportedInterfaceOrientations_iPhone = "UIInterfaceOrientationPortrait UIInterfaceOrientationLandscapeLeft UIInterfaceOrientationLandscapeRight";
				LD_RUNPATH_SEARCH_PATHS = (
					"$(inherited)",
					"@executable_path/Frameworks",
				);
				MARKETING_VERSION = 1.0;
				PRODUCT_BUNDLE_IDENTIFIER = com.furkanademoglu.iTunesClientApp;
				PRODUCT_NAME = "$(TARGET_NAME)";
				SWIFT_EMIT_LOC_STRINGS = YES;
				SWIFT_VERSION = 5.0;
				TARGETED_DEVICE_FAMILY = "1,2";
			};
			name = Debug;
		};
		E2A4372B28EDA69C00A338CA /* Release */ = {
			isa = XCBuildConfiguration;
			buildSettings = {
				ASSETCATALOG_COMPILER_APPICON_NAME = AppIcon;
				ASSETCATALOG_COMPILER_GLOBAL_ACCENT_COLOR_NAME = AccentColor;
				CODE_SIGN_STYLE = Automatic;
				CURRENT_PROJECT_VERSION = 1;
				GENERATE_INFOPLIST_FILE = YES;
				INFOPLIST_FILE = iTunesClientApp/App/Plists/Info.plist;
				INFOPLIST_KEY_UIApplicationSupportsIndirectInputEvents = YES;
				INFOPLIST_KEY_UILaunchStoryboardName = LaunchScreen;
				INFOPLIST_KEY_UISupportedInterfaceOrientations_iPad = "UIInterfaceOrientationPortrait UIInterfaceOrientationPortraitUpsideDown UIInterfaceOrientationLandscapeLeft UIInterfaceOrientationLandscapeRight";
				INFOPLIST_KEY_UISupportedInterfaceOrientations_iPhone = "UIInterfaceOrientationPortrait UIInterfaceOrientationLandscapeLeft UIInterfaceOrientationLandscapeRight";
				LD_RUNPATH_SEARCH_PATHS = (
					"$(inherited)",
					"@executable_path/Frameworks",
				);
				MARKETING_VERSION = 1.0;
				PRODUCT_BUNDLE_IDENTIFIER = com.furkanademoglu.iTunesClientApp;
				PRODUCT_NAME = "$(TARGET_NAME)";
				SWIFT_EMIT_LOC_STRINGS = YES;
				SWIFT_VERSION = 5.0;
				TARGETED_DEVICE_FAMILY = "1,2";
			};
			name = Release;
		};
/* End XCBuildConfiguration section */

/* Begin XCConfigurationList section */
		E2A4371028EDA69A00A338CA /* Build configuration list for PBXProject "iTunesClientApp" */ = {
			isa = XCConfigurationList;
			buildConfigurations = (
				E2A4372728EDA69C00A338CA /* Debug */,
				E2A4372828EDA69C00A338CA /* Release */,
			);
			defaultConfigurationIsVisible = 0;
			defaultConfigurationName = Release;
		};
		E2A4372928EDA69C00A338CA /* Build configuration list for PBXNativeTarget "iTunesClientApp" */ = {
			isa = XCConfigurationList;
			buildConfigurations = (
				E2A4372A28EDA69C00A338CA /* Debug */,
				E2A4372B28EDA69C00A338CA /* Release */,
			);
			defaultConfigurationIsVisible = 0;
			defaultConfigurationName = Release;
		};
/* End XCConfigurationList section */
	};
	rootObject = E2A4370D28EDA69A00A338CA /* Project object */;
}
